
Microsoft Visual Studio Solution File, Format Version 12.00
# Visual Studio Version 17
VisualStudioVersion = 17.12.35527.113
MinimumVisualStudioVersion = 10.0.40219.1
Project("{FAE04EC0-301F-11D3-BF4B-00C04F79EFBC}") = "Shipping", "Shipping.csproj", "{831182B6-0826-4AC2-958B-762B8D9A5742}"
EndProject
Project("{FAE04EC0-301F-11D3-BF4B-00C04F79EFBC}") = "Shipping.data", "..\Shiping.data\Shipping.data.csproj", "{BE9F2A05-BDF1-4F31-BEBA-19691B1B1CFF}"
EndProject
Project("{FAE04EC0-301F-11D3-BF4B-00C04F79EFBC}") = "Shipping.Repostory", "..\Shiping.Repostory\Shipping.Repostory.csproj", "{89113F8B-A911-4559-A8D6-355822263D10}"
EndProject
Project("{FAE04EC0-301F-11D3-BF4B-00C04F79EFBC}") = "Shipping.Service", "..\Shiping.Serivec\Shipping.Service.csproj", "{2E11516A-1D69-41C4-ACF2-A4C831D28796}"
EndProject
Global
	GlobalSection(SolutionConfigurationPlatforms) = preSolution
		Debug|Any CPU = Debug|Any CPU
		Release|Any CPU = Release|Any CPU
	EndGlobalSection
	GlobalSection(ProjectConfigurationPlatforms) = postSolution
		{831182B6-0826-4AC2-958B-762B8D9A5742}.Debug|Any CPU.ActiveCfg = Debug|Any CPU
		{831182B6-0826-4AC2-958B-762B8D9A5742}.Debug|Any CPU.Build.0 = Debug|Any CPU
		{831182B6-0826-4AC2-958B-762B8D9A5742}.Release|Any CPU.ActiveCfg = Release|Any CPU
		{831182B6-0826-4AC2-958B-762B8D9A5742}.Release|Any CPU.Build.0 = Release|Any CPU
		{BE9F2A05-BDF1-4F31-BEBA-19691B1B1CFF}.Debug|Any CPU.ActiveCfg = Debug|Any CPU
		{BE9F2A05-BDF1-4F31-BEBA-19691B1B1CFF}.Debug|Any CPU.Build.0 = Debug|Any CPU
		{BE9F2A05-BDF1-4F31-BEBA-19691B1B1CFF}.Release|Any CPU.ActiveCfg = Release|Any CPU
		{BE9F2A05-BDF1-4F31-BEBA-19691B1B1CFF}.Release|Any CPU.Build.0 = Release|Any CPU
		{89113F8B-A911-4559-A8D6-355822263D10}.Debug|Any CPU.ActiveCfg = Debug|Any CPU
		{89113F8B-A911-4559-A8D6-355822263D10}.Debug|Any CPU.Build.0 = Debug|Any CPU
		{89113F8B-A911-4559-A8D6-355822263D10}.Release|Any CPU.ActiveCfg = Release|Any CPU
		{89113F8B-A911-4559-A8D6-355822263D10}.Release|Any CPU.Build.0 = Release|Any CPU
		{2E11516A-1D69-41C4-ACF2-A4C831D28796}.Debug|Any CPU.ActiveCfg = Debug|Any CPU
		{2E11516A-1D69-41C4-ACF2-A4C831D28796}.Debug|Any CPU.Build.0 = Debug|Any CPU
		{2E11516A-1D69-41C4-ACF2-A4C831D28796}.Release|Any CPU.ActiveCfg = Release|Any CPU
		{2E11516A-1D69-41C4-ACF2-A4C831D28796}.Release|Any CPU.Build.0 = Release|Any CPU
	EndGlobalSection
	GlobalSection(SolutionProperties) = preSolution
		HideSolutionNode = FALSE
	EndGlobalSection
EndGlobal
